
Microsoft Visual Studio Solution File, Format Version 12.00
# Visual Studio Version 17
VisualStudioVersion = 17.2.32630.192
MinimumVisualStudioVersion = 10.0.40219.1
Project("{2150E333-8FDC-42A3-9474-1A3956D46DE8}") = "Mediator", "Mediator", "{55419887-99B2-4678-97ED-6552B2386FA1}"
EndProject
Project("{9A19103F-16F7-4668-BE54-9A1E7A4F7556}") = "BlazorUI", "BlazorUI\BlazorUI.csproj", "{4C396163-894A-4593-A825-FC4CC055D4C2}"
EndProject
Project("{9A19103F-16F7-4668-BE54-9A1E7A4F7556}") = "DemoLibrary", "DemoLibrary\DemoLibrary.csproj", "{CC8E554B-4C58-46CB-B8D3-DBA4850B86DA}"
EndProject
Project("{9A19103F-16F7-4668-BE54-9A1E7A4F7556}") = "DemoAPI", "DemoAPI\DemoAPI.csproj", "{7B807260-D4BE-4A6C-B04A-BDCB99E2C7DF}"
EndProject
Project("{2150E333-8FDC-42A3-9474-1A3956D46DE8}") = "Strategy", "Strategy", "{C6BFF06D-166E-4779-A293-5BDEB0F5C620}"
EndProject
Project("{9A19103F-16F7-4668-BE54-9A1E7A4F7556}") = "Strategy.Structural", "Strategy.Structural\Strategy.Structural.csproj", "{15A15B43-818D-4101-8AF6-983359731D8E}"
EndProject
Project("{9A19103F-16F7-4668-BE54-9A1E7A4F7556}") = "Strategy.RealWorld", "Strategy.RealWorld\Strategy.RealWorld.csproj", "{E46603C2-3D34-4D94-A797-2268B8BC6AB8}"
EndProject
Project("{9A19103F-16F7-4668-BE54-9A1E7A4F7556}") = "Mediator.Structural", "Mediator.Structural\Mediator.Structural.csproj", "{35B5549C-0740-4F21-B964-BC3D77A29DC0}"
EndProject
Project("{9A19103F-16F7-4668-BE54-9A1E7A4F7556}") = "Mediator.RealWorld", "Mediator.RealWorld\Mediator.RealWorld.csproj", "{919C40D8-FB8B-42DF-886D-865EBFC1B40B}"
EndProject
Project("{2150E333-8FDC-42A3-9474-1A3956D46DE8}") = "Singleton", "Singleton", "{CC28A033-1BFF-4C63-81CC-7A86B0F9DC8D}"
EndProject
Project("{9A19103F-16F7-4668-BE54-9A1E7A4F7556}") = "Singleton.Structural", "Singleton.Structural\Singleton.Structural.csproj", "{805C93DE-5C67-451C-9B86-B2CCB209BC84}"
EndProject
Project("{9A19103F-16F7-4668-BE54-9A1E7A4F7556}") = "Singleton.RealWorld", "Singleton.RealWorld\Singleton.RealWorld.csproj", "{ECAE8C42-B626-487E-913F-5FEF6ED32F36}"
EndProject
Project("{9A19103F-16F7-4668-BE54-9A1E7A4F7556}") = "Singleton.Optimized", "Singleton.Optimized\Singleton.Optimized.csproj", "{A2D46DA9-408F-42B6-B3D8-106F1E81619B}"
EndProject
Project("{2150E333-8FDC-42A3-9474-1A3956D46DE8}") = "Factory", "Factory", "{86199A4D-39D3-450E-86F9-FC19D7D9C31F}"
EndProject
Project("{9A19103F-16F7-4668-BE54-9A1E7A4F7556}") = "Factory.Structural", "Factory.Structural\Factory.Structural.csproj", "{7A477263-8225-4853-864B-C14E8EC75530}"
EndProject
Project("{9A19103F-16F7-4668-BE54-9A1E7A4F7556}") = "Factory.RealWorld", "Factory.RealWorld\Factory.RealWorld.csproj", "{2EDEB3A2-AA72-4F7C-8174-BB3F2EE35965}"
EndProject
Project("{2150E333-8FDC-42A3-9474-1A3956D46DE8}") = "Abstract Factory", "Abstract Factory", "{2ED2F2D0-EBD8-4987-8D7A-6D37EAEE1758}"
EndProject
Project("{9A19103F-16F7-4668-BE54-9A1E7A4F7556}") = "AbstractFactory.Structural", "AbstractFactory.Structural\AbstractFactory.Structural.csproj", "{D9CA2A37-78A1-47EE-98B6-41DD7E460488}"
EndProject
Project("{9A19103F-16F7-4668-BE54-9A1E7A4F7556}") = "AbstractFactory.RealWorld", "AbstractFactory.RealWorld\AbstractFactory.RealWorld.csproj", "{CC01EFB1-2F4E-46B0-B506-8A52FE8DAF89}"
EndProject
Project("{2150E333-8FDC-42A3-9474-1A3956D46DE8}") = "Composite", "Composite", "{65274BEF-51D5-4164-A397-29BD9B1ABF22}"
EndProject
Project("{9A19103F-16F7-4668-BE54-9A1E7A4F7556}") = "Composite.RealWorld", "Composite.RealWorld\Composite.RealWorld.csproj", "{E6073E4B-CEE3-43F3-865A-9043C2793F13}"
EndProject
Project("{9A19103F-16F7-4668-BE54-9A1E7A4F7556}") = "Composite.Structural", "Composite.Structural\Composite.Structural.csproj", "{4A863190-2437-4B24-A6A3-2D452E8D5D32}"
EndProject
Project("{2150E333-8FDC-42A3-9474-1A3956D46DE8}") = "Facade", "Facade", "{4EAE96F1-3E60-4C4E-A27F-255BA9DD4F39}"
EndProject
Project("{9A19103F-16F7-4668-BE54-9A1E7A4F7556}") = "Facade.Structural", "Facade.Structural\Facade.Structural.csproj", "{19FE014C-1618-495C-A81D-0DD341FB0767}"
EndProject
Project("{9A19103F-16F7-4668-BE54-9A1E7A4F7556}") = "Facade.RealWorld", "Facade.RealWorld\Facade.RealWorld.csproj", "{AD8AF25E-9581-4390-9D61-A17647A6A356}"
EndProject
Project("{2150E333-8FDC-42A3-9474-1A3956D46DE8}") = "Proxy", "Proxy", "{1112701F-50DF-4231-BA59-6D13D137B1DE}"
EndProject
Project("{9A19103F-16F7-4668-BE54-9A1E7A4F7556}") = "Proxy.Structural", "Proxy.Structural\Proxy.Structural.csproj", "{8F678F43-3E58-4F4B-8D9C-E84F89D26C4F}"
EndProject
Project("{9A19103F-16F7-4668-BE54-9A1E7A4F7556}") = "Proxy.RealWorld", "Proxy.RealWorld\Proxy.RealWorld.csproj", "{370BBAB7-3653-4E35-9894-7FC072391298}"
EndProject
Project("{2150E333-8FDC-42A3-9474-1A3956D46DE8}") = "Command", "Command", "{8BA35C99-2288-4AF1-AB42-CF472F85D5D5}"
EndProject
Project("{9A19103F-16F7-4668-BE54-9A1E7A4F7556}") = "Command.Structural", "Command.Structural\Command.Structural.csproj", "{9FAA5558-61C6-4AD3-9E2B-BB006FA24483}"
EndProject
Project("{9A19103F-16F7-4668-BE54-9A1E7A4F7556}") = "Command.RealWorld", "Command.RealWorld\Command.RealWorld.csproj", "{D5C2943F-DA2E-49DB-945C-1103F2FE203C}"
EndProject
Project("{2150E333-8FDC-42A3-9474-1A3956D46DE8}") = "Iterator", "Iterator", "{8DF198B0-F367-4ACD-88BA-676843BCF8D0}"
EndProject
Project("{FAE04EC0-301F-11D3-BF4B-00C04F79EFBC}") = "Iterator.Structural", "Iterator.Structural\Iterator.Structural.csproj", "{6207A82A-1229-46E7-9FCD-21B526256E20}"
EndProject
Project("{FAE04EC0-301F-11D3-BF4B-00C04F79EFBC}") = "Iterator.RealWorld", "Iterator.RealWorld\Iterator.RealWorld.csproj", "{792354A9-0B83-45D6-B398-7506620B0F49}"
EndProject
Global
	GlobalSection(SolutionConfigurationPlatforms) = preSolution
		Debug|Any CPU = Debug|Any CPU
		Release|Any CPU = Release|Any CPU
	EndGlobalSection
	GlobalSection(ProjectConfigurationPlatforms) = postSolution
		{4C396163-894A-4593-A825-FC4CC055D4C2}.Debug|Any CPU.ActiveCfg = Debug|Any CPU
		{4C396163-894A-4593-A825-FC4CC055D4C2}.Debug|Any CPU.Build.0 = Debug|Any CPU
		{4C396163-894A-4593-A825-FC4CC055D4C2}.Release|Any CPU.ActiveCfg = Release|Any CPU
		{4C396163-894A-4593-A825-FC4CC055D4C2}.Release|Any CPU.Build.0 = Release|Any CPU
		{CC8E554B-4C58-46CB-B8D3-DBA4850B86DA}.Debug|Any CPU.ActiveCfg = Debug|Any CPU
		{CC8E554B-4C58-46CB-B8D3-DBA4850B86DA}.Debug|Any CPU.Build.0 = Debug|Any CPU
		{CC8E554B-4C58-46CB-B8D3-DBA4850B86DA}.Release|Any CPU.ActiveCfg = Release|Any CPU
		{CC8E554B-4C58-46CB-B8D3-DBA4850B86DA}.Release|Any CPU.Build.0 = Release|Any CPU
		{7B807260-D4BE-4A6C-B04A-BDCB99E2C7DF}.Debug|Any CPU.ActiveCfg = Debug|Any CPU
		{7B807260-D4BE-4A6C-B04A-BDCB99E2C7DF}.Debug|Any CPU.Build.0 = Debug|Any CPU
		{7B807260-D4BE-4A6C-B04A-BDCB99E2C7DF}.Release|Any CPU.ActiveCfg = Release|Any CPU
		{7B807260-D4BE-4A6C-B04A-BDCB99E2C7DF}.Release|Any CPU.Build.0 = Release|Any CPU
		{15A15B43-818D-4101-8AF6-983359731D8E}.Debug|Any CPU.ActiveCfg = Debug|Any CPU
		{15A15B43-818D-4101-8AF6-983359731D8E}.Debug|Any CPU.Build.0 = Debug|Any CPU
		{15A15B43-818D-4101-8AF6-983359731D8E}.Release|Any CPU.ActiveCfg = Release|Any CPU
		{15A15B43-818D-4101-8AF6-983359731D8E}.Release|Any CPU.Build.0 = Release|Any CPU
		{E46603C2-3D34-4D94-A797-2268B8BC6AB8}.Debug|Any CPU.ActiveCfg = Debug|Any CPU
		{E46603C2-3D34-4D94-A797-2268B8BC6AB8}.Debug|Any CPU.Build.0 = Debug|Any CPU
		{E46603C2-3D34-4D94-A797-2268B8BC6AB8}.Release|Any CPU.ActiveCfg = Release|Any CPU
		{E46603C2-3D34-4D94-A797-2268B8BC6AB8}.Release|Any CPU.Build.0 = Release|Any CPU
		{35B5549C-0740-4F21-B964-BC3D77A29DC0}.Debug|Any CPU.ActiveCfg = Debug|Any CPU
		{35B5549C-0740-4F21-B964-BC3D77A29DC0}.Debug|Any CPU.Build.0 = Debug|Any CPU
		{35B5549C-0740-4F21-B964-BC3D77A29DC0}.Release|Any CPU.ActiveCfg = Release|Any CPU
		{35B5549C-0740-4F21-B964-BC3D77A29DC0}.Release|Any CPU.Build.0 = Release|Any CPU
		{919C40D8-FB8B-42DF-886D-865EBFC1B40B}.Debug|Any CPU.ActiveCfg = Debug|Any CPU
		{919C40D8-FB8B-42DF-886D-865EBFC1B40B}.Debug|Any CPU.Build.0 = Debug|Any CPU
		{919C40D8-FB8B-42DF-886D-865EBFC1B40B}.Release|Any CPU.ActiveCfg = Release|Any CPU
		{919C40D8-FB8B-42DF-886D-865EBFC1B40B}.Release|Any CPU.Build.0 = Release|Any CPU
		{805C93DE-5C67-451C-9B86-B2CCB209BC84}.Debug|Any CPU.ActiveCfg = Debug|Any CPU
		{805C93DE-5C67-451C-9B86-B2CCB209BC84}.Debug|Any CPU.Build.0 = Debug|Any CPU
		{805C93DE-5C67-451C-9B86-B2CCB209BC84}.Release|Any CPU.ActiveCfg = Release|Any CPU
		{805C93DE-5C67-451C-9B86-B2CCB209BC84}.Release|Any CPU.Build.0 = Release|Any CPU
		{ECAE8C42-B626-487E-913F-5FEF6ED32F36}.Debug|Any CPU.ActiveCfg = Debug|Any CPU
		{ECAE8C42-B626-487E-913F-5FEF6ED32F36}.Debug|Any CPU.Build.0 = Debug|Any CPU
		{ECAE8C42-B626-487E-913F-5FEF6ED32F36}.Release|Any CPU.ActiveCfg = Release|Any CPU
		{ECAE8C42-B626-487E-913F-5FEF6ED32F36}.Release|Any CPU.Build.0 = Release|Any CPU
		{A2D46DA9-408F-42B6-B3D8-106F1E81619B}.Debug|Any CPU.ActiveCfg = Debug|Any CPU
		{A2D46DA9-408F-42B6-B3D8-106F1E81619B}.Debug|Any CPU.Build.0 = Debug|Any CPU
		{A2D46DA9-408F-42B6-B3D8-106F1E81619B}.Release|Any CPU.ActiveCfg = Release|Any CPU
		{A2D46DA9-408F-42B6-B3D8-106F1E81619B}.Release|Any CPU.Build.0 = Release|Any CPU
		{7A477263-8225-4853-864B-C14E8EC75530}.Debug|Any CPU.ActiveCfg = Debug|Any CPU
		{7A477263-8225-4853-864B-C14E8EC75530}.Debug|Any CPU.Build.0 = Debug|Any CPU
		{7A477263-8225-4853-864B-C14E8EC75530}.Release|Any CPU.ActiveCfg = Release|Any CPU
		{7A477263-8225-4853-864B-C14E8EC75530}.Release|Any CPU.Build.0 = Release|Any CPU
		{2EDEB3A2-AA72-4F7C-8174-BB3F2EE35965}.Debug|Any CPU.ActiveCfg = Debug|Any CPU
		{2EDEB3A2-AA72-4F7C-8174-BB3F2EE35965}.Debug|Any CPU.Build.0 = Debug|Any CPU
		{2EDEB3A2-AA72-4F7C-8174-BB3F2EE35965}.Release|Any CPU.ActiveCfg = Release|Any CPU
		{2EDEB3A2-AA72-4F7C-8174-BB3F2EE35965}.Release|Any CPU.Build.0 = Release|Any CPU
		{D9CA2A37-78A1-47EE-98B6-41DD7E460488}.Debug|Any CPU.ActiveCfg = Debug|Any CPU
		{D9CA2A37-78A1-47EE-98B6-41DD7E460488}.Debug|Any CPU.Build.0 = Debug|Any CPU
		{D9CA2A37-78A1-47EE-98B6-41DD7E460488}.Release|Any CPU.ActiveCfg = Release|Any CPU
		{D9CA2A37-78A1-47EE-98B6-41DD7E460488}.Release|Any CPU.Build.0 = Release|Any CPU
		{CC01EFB1-2F4E-46B0-B506-8A52FE8DAF89}.Debug|Any CPU.ActiveCfg = Debug|Any CPU
		{CC01EFB1-2F4E-46B0-B506-8A52FE8DAF89}.Debug|Any CPU.Build.0 = Debug|Any CPU
		{CC01EFB1-2F4E-46B0-B506-8A52FE8DAF89}.Release|Any CPU.ActiveCfg = Release|Any CPU
		{CC01EFB1-2F4E-46B0-B506-8A52FE8DAF89}.Release|Any CPU.Build.0 = Release|Any CPU
		{E6073E4B-CEE3-43F3-865A-9043C2793F13}.Debug|Any CPU.ActiveCfg = Debug|Any CPU
		{E6073E4B-CEE3-43F3-865A-9043C2793F13}.Debug|Any CPU.Build.0 = Debug|Any CPU
		{E6073E4B-CEE3-43F3-865A-9043C2793F13}.Release|Any CPU.ActiveCfg = Release|Any CPU
		{E6073E4B-CEE3-43F3-865A-9043C2793F13}.Release|Any CPU.Build.0 = Release|Any CPU
		{4A863190-2437-4B24-A6A3-2D452E8D5D32}.Debug|Any CPU.ActiveCfg = Debug|Any CPU
		{4A863190-2437-4B24-A6A3-2D452E8D5D32}.Debug|Any CPU.Build.0 = Debug|Any CPU
		{4A863190-2437-4B24-A6A3-2D452E8D5D32}.Release|Any CPU.ActiveCfg = Release|Any CPU
		{4A863190-2437-4B24-A6A3-2D452E8D5D32}.Release|Any CPU.Build.0 = Release|Any CPU
		{19FE014C-1618-495C-A81D-0DD341FB0767}.Debug|Any CPU.ActiveCfg = Debug|Any CPU
		{19FE014C-1618-495C-A81D-0DD341FB0767}.Debug|Any CPU.Build.0 = Debug|Any CPU
		{19FE014C-1618-495C-A81D-0DD341FB0767}.Release|Any CPU.ActiveCfg = Release|Any CPU
		{19FE014C-1618-495C-A81D-0DD341FB0767}.Release|Any CPU.Build.0 = Release|Any CPU
		{AD8AF25E-9581-4390-9D61-A17647A6A356}.Debug|Any CPU.ActiveCfg = Debug|Any CPU
		{AD8AF25E-9581-4390-9D61-A17647A6A356}.Debug|Any CPU.Build.0 = Debug|Any CPU
		{AD8AF25E-9581-4390-9D61-A17647A6A356}.Release|Any CPU.ActiveCfg = Release|Any CPU
		{AD8AF25E-9581-4390-9D61-A17647A6A356}.Release|Any CPU.Build.0 = Release|Any CPU
		{8F678F43-3E58-4F4B-8D9C-E84F89D26C4F}.Debug|Any CPU.ActiveCfg = Debug|Any CPU
		{8F678F43-3E58-4F4B-8D9C-E84F89D26C4F}.Debug|Any CPU.Build.0 = Debug|Any CPU
		{8F678F43-3E58-4F4B-8D9C-E84F89D26C4F}.Release|Any CPU.ActiveCfg = Release|Any CPU
		{8F678F43-3E58-4F4B-8D9C-E84F89D26C4F}.Release|Any CPU.Build.0 = Release|Any CPU
		{370BBAB7-3653-4E35-9894-7FC072391298}.Debug|Any CPU.ActiveCfg = Debug|Any CPU
		{370BBAB7-3653-4E35-9894-7FC072391298}.Debug|Any CPU.Build.0 = Debug|Any CPU
		{370BBAB7-3653-4E35-9894-7FC072391298}.Release|Any CPU.ActiveCfg = Release|Any CPU
		{370BBAB7-3653-4E35-9894-7FC072391298}.Release|Any CPU.Build.0 = Release|Any CPU
		{9FAA5558-61C6-4AD3-9E2B-BB006FA24483}.Debug|Any CPU.ActiveCfg = Debug|Any CPU
		{9FAA5558-61C6-4AD3-9E2B-BB006FA24483}.Debug|Any CPU.Build.0 = Debug|Any CPU
		{9FAA5558-61C6-4AD3-9E2B-BB006FA24483}.Release|Any CPU.ActiveCfg = Release|Any CPU
		{9FAA5558-61C6-4AD3-9E2B-BB006FA24483}.Release|Any CPU.Build.0 = Release|Any CPU
		{D5C2943F-DA2E-49DB-945C-1103F2FE203C}.Debug|Any CPU.ActiveCfg = Debug|Any CPU
		{D5C2943F-DA2E-49DB-945C-1103F2FE203C}.Debug|Any CPU.Build.0 = Debug|Any CPU
		{D5C2943F-DA2E-49DB-945C-1103F2FE203C}.Release|Any CPU.ActiveCfg = Release|Any CPU
		{D5C2943F-DA2E-49DB-945C-1103F2FE203C}.Release|Any CPU.Build.0 = Release|Any CPU
		{6207A82A-1229-46E7-9FCD-21B526256E20}.Debug|Any CPU.ActiveCfg = Debug|Any CPU
		{6207A82A-1229-46E7-9FCD-21B526256E20}.Debug|Any CPU.Build.0 = Debug|Any CPU
		{6207A82A-1229-46E7-9FCD-21B526256E20}.Release|Any CPU.ActiveCfg = Release|Any CPU
		{6207A82A-1229-46E7-9FCD-21B526256E20}.Release|Any CPU.Build.0 = Release|Any CPU
		{792354A9-0B83-45D6-B398-7506620B0F49}.Debug|Any CPU.ActiveCfg = Debug|Any CPU
		{792354A9-0B83-45D6-B398-7506620B0F49}.Debug|Any CPU.Build.0 = Debug|Any CPU
		{792354A9-0B83-45D6-B398-7506620B0F49}.Release|Any CPU.ActiveCfg = Release|Any CPU
		{792354A9-0B83-45D6-B398-7506620B0F49}.Release|Any CPU.Build.0 = Release|Any CPU
	EndGlobalSection
	GlobalSection(SolutionProperties) = preSolution
		HideSolutionNode = FALSE
	EndGlobalSection
	GlobalSection(NestedProjects) = preSolution
		{4C396163-894A-4593-A825-FC4CC055D4C2} = {55419887-99B2-4678-97ED-6552B2386FA1}
		{CC8E554B-4C58-46CB-B8D3-DBA4850B86DA} = {55419887-99B2-4678-97ED-6552B2386FA1}
		{7B807260-D4BE-4A6C-B04A-BDCB99E2C7DF} = {55419887-99B2-4678-97ED-6552B2386FA1}
		{15A15B43-818D-4101-8AF6-983359731D8E} = {C6BFF06D-166E-4779-A293-5BDEB0F5C620}
		{E46603C2-3D34-4D94-A797-2268B8BC6AB8} = {C6BFF06D-166E-4779-A293-5BDEB0F5C620}
		{35B5549C-0740-4F21-B964-BC3D77A29DC0} = {55419887-99B2-4678-97ED-6552B2386FA1}
		{919C40D8-FB8B-42DF-886D-865EBFC1B40B} = {55419887-99B2-4678-97ED-6552B2386FA1}
		{805C93DE-5C67-451C-9B86-B2CCB209BC84} = {CC28A033-1BFF-4C63-81CC-7A86B0F9DC8D}
		{ECAE8C42-B626-487E-913F-5FEF6ED32F36} = {CC28A033-1BFF-4C63-81CC-7A86B0F9DC8D}
		{A2D46DA9-408F-42B6-B3D8-106F1E81619B} = {CC28A033-1BFF-4C63-81CC-7A86B0F9DC8D}
		{7A477263-8225-4853-864B-C14E8EC75530} = {86199A4D-39D3-450E-86F9-FC19D7D9C31F}
		{2EDEB3A2-AA72-4F7C-8174-BB3F2EE35965} = {86199A4D-39D3-450E-86F9-FC19D7D9C31F}
		{D9CA2A37-78A1-47EE-98B6-41DD7E460488} = {2ED2F2D0-EBD8-4987-8D7A-6D37EAEE1758}
		{CC01EFB1-2F4E-46B0-B506-8A52FE8DAF89} = {2ED2F2D0-EBD8-4987-8D7A-6D37EAEE1758}
		{E6073E4B-CEE3-43F3-865A-9043C2793F13} = {65274BEF-51D5-4164-A397-29BD9B1ABF22}
		{4A863190-2437-4B24-A6A3-2D452E8D5D32} = {65274BEF-51D5-4164-A397-29BD9B1ABF22}
		{19FE014C-1618-495C-A81D-0DD341FB0767} = {4EAE96F1-3E60-4C4E-A27F-255BA9DD4F39}
		{AD8AF25E-9581-4390-9D61-A17647A6A356} = {4EAE96F1-3E60-4C4E-A27F-255BA9DD4F39}
		{8F678F43-3E58-4F4B-8D9C-E84F89D26C4F} = {1112701F-50DF-4231-BA59-6D13D137B1DE}
		{370BBAB7-3653-4E35-9894-7FC072391298} = {1112701F-50DF-4231-BA59-6D13D137B1DE}
		{9FAA5558-61C6-4AD3-9E2B-BB006FA24483} = {8BA35C99-2288-4AF1-AB42-CF472F85D5D5}
		{D5C2943F-DA2E-49DB-945C-1103F2FE203C} = {8BA35C99-2288-4AF1-AB42-CF472F85D5D5}
		{6207A82A-1229-46E7-9FCD-21B526256E20} = {8DF198B0-F367-4ACD-88BA-676843BCF8D0}
		{792354A9-0B83-45D6-B398-7506620B0F49} = {8DF198B0-F367-4ACD-88BA-676843BCF8D0}
	EndGlobalSection
	GlobalSection(ExtensibilityGlobals) = postSolution
		SolutionGuid = {75B81BE2-DC0F-436D-BCCA-0FBA0F83EBA8}
	EndGlobalSection
EndGlobal
